
Microsoft Visual Studio Solution File, Format Version 12.00
# Visual Studio Version 16
VisualStudioVersion = 16.0.31729.503
MinimumVisualStudioVersion = 10.0.40219.1
Project("{888888A0-9F3D-457C-B088-3A5042F75D52}") = "phase-3", "phase-3\phase-3.pyproj", "{552391FA-33C2-452B-84D3-A4800E9BE13D}"
EndProject
Global
	GlobalSection(SolutionConfigurationPlatforms) = preSolution
		Debug|Any CPU = Debug|Any CPU
		Release|Any CPU = Release|Any CPU
	EndGlobalSection
	GlobalSection(ProjectConfigurationPlatforms) = postSolution
		{552391FA-33C2-452B-84D3-A4800E9BE13D}.Debug|Any CPU.ActiveCfg = Debug|Any CPU
		{552391FA-33C2-452B-84D3-A4800E9BE13D}.Release|Any CPU.ActiveCfg = Release|Any CPU
	EndGlobalSection
	GlobalSection(SolutionProperties) = preSolution
		HideSolutionNode = FALSE
	EndGlobalSection
	GlobalSection(ExtensibilityGlobals) = postSolution
		SolutionGuid = {E42F95CE-1873-4038-B30C-C4B315E85B4E}
	EndGlobalSection
EndGlobal
